// !$*UTF8*$!
{
	archiveVersion = 1;
	classes = {
	};
	objectVersion = 51;
	objects = {

/* Begin PBXBuildFile section */
		1AAAE1D46CE4FBF209825E08 /* Pods_MediaDemoTests.framework in Frameworks */ = {isa = PBXBuildFile; fileRef = B1677E82F66D3630109F8136 /* Pods_MediaDemoTests.framework */; };
		B47754989EAF08EC340EC4E4 /* Pods_MediaDemo.framework in Frameworks */ = {isa = PBXBuildFile; fileRef = FB5AB2E5234851E4E0576AA4 /* Pods_MediaDemo.framework */; };
		BB726ECA268E855200D42F96 /* StringExtension.swift in Sources */ = {isa = PBXBuildFile; fileRef = BB726EC9268E855200D42F96 /* StringExtension.swift */; };
		BB9BD621268DD35B00A529FA /* AppDelegate.swift in Sources */ = {isa = PBXBuildFile; fileRef = BB9BD620268DD35B00A529FA /* AppDelegate.swift */; };
		BB9BD628268DD35B00A529FA /* Home.storyboard in Resources */ = {isa = PBXBuildFile; fileRef = BB9BD626268DD35B00A529FA /* Home.storyboard */; };
		BB9BD62A268DD36100A529FA /* Assets.xcassets in Resources */ = {isa = PBXBuildFile; fileRef = BB9BD629268DD36100A529FA /* Assets.xcassets */; };
		BB9BD62D268DD36100A529FA /* LaunchScreen.storyboard in Resources */ = {isa = PBXBuildFile; fileRef = BB9BD62B268DD36100A529FA /* LaunchScreen.storyboard */; };
		BB9BD638268DD36200A529FA /* MediaDemoTests.swift in Sources */ = {isa = PBXBuildFile; fileRef = BB9BD637268DD36200A529FA /* MediaDemoTests.swift */; };
		BB9BD643268DD36200A529FA /* MediaDemoUITests.swift in Sources */ = {isa = PBXBuildFile; fileRef = BB9BD642268DD36200A529FA /* MediaDemoUITests.swift */; };
		BB9BD676268DD67100A529FA /* ActivityIndicator.swift in Sources */ = {isa = PBXBuildFile; fileRef = BB9BD672268DD67100A529FA /* ActivityIndicator.swift */; };
		BB9BD677268DD67100A529FA /* DesignableView.swift in Sources */ = {isa = PBXBuildFile; fileRef = BB9BD673268DD67100A529FA /* DesignableView.swift */; };
		BB9BD678268DD67100A529FA /* DesignableButton.swift in Sources */ = {isa = PBXBuildFile; fileRef = BB9BD674268DD67100A529FA /* DesignableButton.swift */; };
		BB9BD679268DD67100A529FA /* DesignableImageView.swift in Sources */ = {isa = PBXBuildFile; fileRef = BB9BD675268DD67100A529FA /* DesignableImageView.swift */; };
		BB9BD682268DD75B00A529FA /* UIImageViewExtension.swift in Sources */ = {isa = PBXBuildFile; fileRef = BB9BD67F268DD75B00A529FA /* UIImageViewExtension.swift */; };
		BB9BD683268DD75B00A529FA /* UIViewExtension.swift in Sources */ = {isa = PBXBuildFile; fileRef = BB9BD680268DD75B00A529FA /* UIViewExtension.swift */; };
		BB9BD684268DD75B00A529FA /* UIColorExtension.swift in Sources */ = {isa = PBXBuildFile; fileRef = BB9BD681268DD75B00A529FA /* UIColorExtension.swift */; };
		BB9BD68C268DDADC00A529FA /* UIViewControllerExtension.swift in Sources */ = {isa = PBXBuildFile; fileRef = BB9BD68B268DDADC00A529FA /* UIViewControllerExtension.swift */; };
		BB9BD694268DDBF200A529FA /* XIBExtension.swift in Sources */ = {isa = PBXBuildFile; fileRef = BB9BD693268DDBF200A529FA /* XIBExtension.swift */; };
		BB9BD699268DDE7700A529FA /* UICollectionViewExtension.swift in Sources */ = {isa = PBXBuildFile; fileRef = BB9BD698268DDE7700A529FA /* UICollectionViewExtension.swift */; };
		BB9BD6A3268DE30400A529FA /* MoyaAPIHelper.swift in Sources */ = {isa = PBXBuildFile; fileRef = BB9BD6A1268DE30400A529FA /* MoyaAPIHelper.swift */; };
		BB9BD6A8268DE3C700A529FA /* Base.swift in Sources */ = {isa = PBXBuildFile; fileRef = BB9BD6A7268DE3C700A529FA /* Base.swift */; };
		BB9BD6AD268DE3E300A529FA /* Environment.swift in Sources */ = {isa = PBXBuildFile; fileRef = BB9BD6AC268DE3E300A529FA /* Environment.swift */; };
		BB9BD6B2268DE47500A529FA /* MediaAPI.swift in Sources */ = {isa = PBXBuildFile; fileRef = BB9BD6B1268DE47500A529FA /* MediaAPI.swift */; };
		BB9BD6B7268DE48900A529FA /* MediaNetworkable.swift in Sources */ = {isa = PBXBuildFile; fileRef = BB9BD6B6268DE48900A529FA /* MediaNetworkable.swift */; };
		BB9BD6BC268DE49600A529FA /* MediaNetworkManger.swift in Sources */ = {isa = PBXBuildFile; fileRef = BB9BD6BB268DE49600A529FA /* MediaNetworkManger.swift */; };
		BB9BD6C1268DE4A700A529FA /* MediaResponses.swift in Sources */ = {isa = PBXBuildFile; fileRef = BB9BD6C0268DE4A700A529FA /* MediaResponses.swift */; };
		BB9E70C0268DF1D400BCB70A /* MultiSectionCollectionViewDataSource.swift in Sources */ = {isa = PBXBuildFile; fileRef = BB9E70BE268DF1D400BCB70A /* MultiSectionCollectionViewDataSource.swift */; };
		BB9E70C1268DF1D400BCB70A /* CollectionViewDataSource.swift in Sources */ = {isa = PBXBuildFile; fileRef = BB9E70BF268DF1D400BCB70A /* CollectionViewDataSource.swift */; };
		BB9E70C9268DF86C00BCB70A /* UIApplicationExtension.swift in Sources */ = {isa = PBXBuildFile; fileRef = BB9E70C8268DF86C00BCB70A /* UIApplicationExtension.swift */; };
		BBCB3742268DFD7C00AB351F /* Channel.swift in Sources */ = {isa = PBXBuildFile; fileRef = BBCB373F268DFD7B00AB351F /* Channel.swift */; };
		BBCB3743268DFD7C00AB351F /* Episode.swift in Sources */ = {isa = PBXBuildFile; fileRef = BBCB3740268DFD7B00AB351F /* Episode.swift */; };
		BBCB3744268DFD7C00AB351F /* Category.swift in Sources */ = {isa = PBXBuildFile; fileRef = BBCB3741268DFD7B00AB351F /* Category.swift */; };
		BBCB375B268E085E00AB351F /* HomeViewController.swift in Sources */ = {isa = PBXBuildFile; fileRef = BBCB375A268E085D00AB351F /* HomeViewController.swift */; };
		BBCB3763268E08A400AB351F /* HomeVCExtensions.swift in Sources */ = {isa = PBXBuildFile; fileRef = BBCB3762268E08A400AB351F /* HomeVCExtensions.swift */; };
		BBCB3769268E08DD00AB351F /* HomeInteractor.swift in Sources */ = {isa = PBXBuildFile; fileRef = BBCB3768268E08DD00AB351F /* HomeInteractor.swift */; };
		BBCB376E268E08EF00AB351F /* HomePresenter.swift in Sources */ = {isa = PBXBuildFile; fileRef = BBCB376D268E08EF00AB351F /* HomePresenter.swift */; };
		BBCB3773268E08FE00AB351F /* HomeBuilder.swift in Sources */ = {isa = PBXBuildFile; fileRef = BBCB3772268E08FE00AB351F /* HomeBuilder.swift */; };
		BBCB3778268E091100AB351F /* HomeRouter.swift in Sources */ = {isa = PBXBuildFile; fileRef = BBCB3777268E091100AB351F /* HomeRouter.swift */; };
		BBCB3784268E09EF00AB351F /* EpisodeCollectionViewCell.xib in Resources */ = {isa = PBXBuildFile; fileRef = BBCB3782268E09EF00AB351F /* EpisodeCollectionViewCell.xib */; };
		BBCB3785268E09EF00AB351F /* EpisodeCollectionViewCell.swift in Sources */ = {isa = PBXBuildFile; fileRef = BBCB3783268E09EF00AB351F /* EpisodeCollectionViewCell.swift */; };
		BBCB378E268E0A2600AB351F /* ChannelCollectionViewCell.swift in Sources */ = {isa = PBXBuildFile; fileRef = BBCB378C268E0A2600AB351F /* ChannelCollectionViewCell.swift */; };
		BBCB378F268E0A2600AB351F /* ChannelCollectionViewCell.xib in Resources */ = {isa = PBXBuildFile; fileRef = BBCB378D268E0A2600AB351F /* ChannelCollectionViewCell.xib */; };
		BBCB3798268E0ABA00AB351F /* CategoryCollectionViewCell.swift in Sources */ = {isa = PBXBuildFile; fileRef = BBCB3796268E0ABA00AB351F /* CategoryCollectionViewCell.swift */; };
		BBCB3799268E0ABA00AB351F /* CategoryCollectionViewCell.xib in Resources */ = {isa = PBXBuildFile; fileRef = BBCB3797268E0ABA00AB351F /* CategoryCollectionViewCell.xib */; };
		BBCB37A3268E0E1D00AB351F /* ChannelSectionHeader.swift in Sources */ = {isa = PBXBuildFile; fileRef = BBCB37A1268E0E1D00AB351F /* ChannelSectionHeader.swift */; };
		BBCB37A4268E0E1D00AB351F /* ChannelSectionHeader.xib in Resources */ = {isa = PBXBuildFile; fileRef = BBCB37A2268E0E1D00AB351F /* ChannelSectionHeader.xib */; };
		BBCB37A9268E1D2A00AB351F /* HomeEnums.swift in Sources */ = {isa = PBXBuildFile; fileRef = BBCB37A8268E1D2A00AB351F /* HomeEnums.swift */; };
		E50F22D0CE49B05FEC7107D3 /* Pods_MediaDemo_MediaDemoUITests.framework in Frameworks */ = {isa = PBXBuildFile; fileRef = C9DF0A81766709402591C4A3 /* Pods_MediaDemo_MediaDemoUITests.framework */; };
/* End PBXBuildFile section */

/* Begin PBXContainerItemProxy section */
		BB9BD634268DD36200A529FA /* PBXContainerItemProxy */ = {
			isa = PBXContainerItemProxy;
			containerPortal = BB9BD615268DD35B00A529FA /* Project object */;
			proxyType = 1;
			remoteGlobalIDString = BB9BD61C268DD35B00A529FA;
			remoteInfo = MediaDemo;
		};
		BB9BD63F268DD36200A529FA /* PBXContainerItemProxy */ = {
			isa = PBXContainerItemProxy;
			containerPortal = BB9BD615268DD35B00A529FA /* Project object */;
			proxyType = 1;
			remoteGlobalIDString = BB9BD61C268DD35B00A529FA;
			remoteInfo = MediaDemo;
		};
/* End PBXContainerItemProxy section */

/* Begin PBXFileReference section */
		13D9CF747567444921553EBD /* Pods-MediaDemo.release.xcconfig */ = {isa = PBXFileReference; includeInIndex = 1; lastKnownFileType = text.xcconfig; name = "Pods-MediaDemo.release.xcconfig"; path = "Target Support Files/Pods-MediaDemo/Pods-MediaDemo.release.xcconfig"; sourceTree = "<group>"; };
		1D71C40860DD8940B627341E /* Pods-MediaDemo-MediaDemoUITests.release.xcconfig */ = {isa = PBXFileReference; includeInIndex = 1; lastKnownFileType = text.xcconfig; name = "Pods-MediaDemo-MediaDemoUITests.release.xcconfig"; path = "Target Support Files/Pods-MediaDemo-MediaDemoUITests/Pods-MediaDemo-MediaDemoUITests.release.xcconfig"; sourceTree = "<group>"; };
		238BA71DC191875B3D9FDBF8 /* Pods-MediaDemo-MediaDemoUITests.debug.xcconfig */ = {isa = PBXFileReference; includeInIndex = 1; lastKnownFileType = text.xcconfig; name = "Pods-MediaDemo-MediaDemoUITests.debug.xcconfig"; path = "Target Support Files/Pods-MediaDemo-MediaDemoUITests/Pods-MediaDemo-MediaDemoUITests.debug.xcconfig"; sourceTree = "<group>"; };
		3AEC6CAE943D5F1C2BA59DB2 /* Pods-MediaDemoTests.release.xcconfig */ = {isa = PBXFileReference; includeInIndex = 1; lastKnownFileType = text.xcconfig; name = "Pods-MediaDemoTests.release.xcconfig"; path = "Target Support Files/Pods-MediaDemoTests/Pods-MediaDemoTests.release.xcconfig"; sourceTree = "<group>"; };
		B1677E82F66D3630109F8136 /* Pods_MediaDemoTests.framework */ = {isa = PBXFileReference; explicitFileType = wrapper.framework; includeInIndex = 0; path = Pods_MediaDemoTests.framework; sourceTree = BUILT_PRODUCTS_DIR; };
		BB726EC9268E855200D42F96 /* StringExtension.swift */ = {isa = PBXFileReference; lastKnownFileType = sourcecode.swift; path = StringExtension.swift; sourceTree = "<group>"; };
		BB9BD61D268DD35B00A529FA /* MediaDemo.app */ = {isa = PBXFileReference; explicitFileType = wrapper.application; includeInIndex = 0; path = MediaDemo.app; sourceTree = BUILT_PRODUCTS_DIR; };
		BB9BD620268DD35B00A529FA /* AppDelegate.swift */ = {isa = PBXFileReference; lastKnownFileType = sourcecode.swift; path = AppDelegate.swift; sourceTree = "<group>"; };
		BB9BD627268DD35B00A529FA /* Base */ = {isa = PBXFileReference; lastKnownFileType = file.storyboard; name = Base; path = Base.lproj/Home.storyboard; sourceTree = "<group>"; };
		BB9BD629268DD36100A529FA /* Assets.xcassets */ = {isa = PBXFileReference; lastKnownFileType = folder.assetcatalog; path = Assets.xcassets; sourceTree = "<group>"; };
		BB9BD62C268DD36100A529FA /* Base */ = {isa = PBXFileReference; lastKnownFileType = file.storyboard; name = Base; path = Base.lproj/LaunchScreen.storyboard; sourceTree = "<group>"; };
		BB9BD62E268DD36100A529FA /* Info.plist */ = {isa = PBXFileReference; lastKnownFileType = text.plist.xml; path = Info.plist; sourceTree = "<group>"; };
		BB9BD633268DD36200A529FA /* MediaDemoTests.xctest */ = {isa = PBXFileReference; explicitFileType = wrapper.cfbundle; includeInIndex = 0; path = MediaDemoTests.xctest; sourceTree = BUILT_PRODUCTS_DIR; };
		BB9BD637268DD36200A529FA /* MediaDemoTests.swift */ = {isa = PBXFileReference; lastKnownFileType = sourcecode.swift; path = MediaDemoTests.swift; sourceTree = "<group>"; };
		BB9BD639268DD36200A529FA /* Info.plist */ = {isa = PBXFileReference; lastKnownFileType = text.plist.xml; path = Info.plist; sourceTree = "<group>"; };
		BB9BD63E268DD36200A529FA /* MediaDemoUITests.xctest */ = {isa = PBXFileReference; explicitFileType = wrapper.cfbundle; includeInIndex = 0; path = MediaDemoUITests.xctest; sourceTree = BUILT_PRODUCTS_DIR; };
		BB9BD642268DD36200A529FA /* MediaDemoUITests.swift */ = {isa = PBXFileReference; lastKnownFileType = sourcecode.swift; path = MediaDemoUITests.swift; sourceTree = "<group>"; };
		BB9BD644268DD36200A529FA /* Info.plist */ = {isa = PBXFileReference; lastKnownFileType = text.plist.xml; path = Info.plist; sourceTree = "<group>"; };
		BB9BD672268DD67100A529FA /* ActivityIndicator.swift */ = {isa = PBXFileReference; fileEncoding = 4; lastKnownFileType = sourcecode.swift; path = ActivityIndicator.swift; sourceTree = "<group>"; };
		BB9BD673268DD67100A529FA /* DesignableView.swift */ = {isa = PBXFileReference; fileEncoding = 4; lastKnownFileType = sourcecode.swift; path = DesignableView.swift; sourceTree = "<group>"; };
		BB9BD674268DD67100A529FA /* DesignableButton.swift */ = {isa = PBXFileReference; fileEncoding = 4; lastKnownFileType = sourcecode.swift; path = DesignableButton.swift; sourceTree = "<group>"; };
		BB9BD675268DD67100A529FA /* DesignableImageView.swift */ = {isa = PBXFileReference; fileEncoding = 4; lastKnownFileType = sourcecode.swift; path = DesignableImageView.swift; sourceTree = "<group>"; };
		BB9BD67F268DD75B00A529FA /* UIImageViewExtension.swift */ = {isa = PBXFileReference; fileEncoding = 4; lastKnownFileType = sourcecode.swift; path = UIImageViewExtension.swift; sourceTree = "<group>"; };
		BB9BD680268DD75B00A529FA /* UIViewExtension.swift */ = {isa = PBXFileReference; fileEncoding = 4; lastKnownFileType = sourcecode.swift; path = UIViewExtension.swift; sourceTree = "<group>"; };
		BB9BD681268DD75B00A529FA /* UIColorExtension.swift */ = {isa = PBXFileReference; fileEncoding = 4; lastKnownFileType = sourcecode.swift; path = UIColorExtension.swift; sourceTree = "<group>"; };
		BB9BD68B268DDADC00A529FA /* UIViewControllerExtension.swift */ = {isa = PBXFileReference; lastKnownFileType = sourcecode.swift; path = UIViewControllerExtension.swift; sourceTree = "<group>"; };
		BB9BD693268DDBF200A529FA /* XIBExtension.swift */ = {isa = PBXFileReference; lastKnownFileType = sourcecode.swift; path = XIBExtension.swift; sourceTree = "<group>"; };
		BB9BD698268DDE7700A529FA /* UICollectionViewExtension.swift */ = {isa = PBXFileReference; lastKnownFileType = sourcecode.swift; path = UICollectionViewExtension.swift; sourceTree = "<group>"; };
		BB9BD6A1268DE30400A529FA /* MoyaAPIHelper.swift */ = {isa = PBXFileReference; fileEncoding = 4; lastKnownFileType = sourcecode.swift; path = MoyaAPIHelper.swift; sourceTree = "<group>"; };
		BB9BD6A7268DE3C700A529FA /* Base.swift */ = {isa = PBXFileReference; lastKnownFileType = sourcecode.swift; path = Base.swift; sourceTree = "<group>"; };
		BB9BD6AC268DE3E300A529FA /* Environment.swift */ = {isa = PBXFileReference; lastKnownFileType = sourcecode.swift; path = Environment.swift; sourceTree = "<group>"; };
		BB9BD6B1268DE47500A529FA /* MediaAPI.swift */ = {isa = PBXFileReference; lastKnownFileType = sourcecode.swift; path = MediaAPI.swift; sourceTree = "<group>"; };
		BB9BD6B6268DE48900A529FA /* MediaNetworkable.swift */ = {isa = PBXFileReference; lastKnownFileType = sourcecode.swift; path = MediaNetworkable.swift; sourceTree = "<group>"; };
		BB9BD6BB268DE49600A529FA /* MediaNetworkManger.swift */ = {isa = PBXFileReference; lastKnownFileType = sourcecode.swift; path = MediaNetworkManger.swift; sourceTree = "<group>"; };
		BB9BD6C0268DE4A700A529FA /* MediaResponses.swift */ = {isa = PBXFileReference; lastKnownFileType = sourcecode.swift; path = MediaResponses.swift; sourceTree = "<group>"; };
		BB9E70BE268DF1D400BCB70A /* MultiSectionCollectionViewDataSource.swift */ = {isa = PBXFileReference; fileEncoding = 4; lastKnownFileType = sourcecode.swift; path = MultiSectionCollectionViewDataSource.swift; sourceTree = "<group>"; };
		BB9E70BF268DF1D400BCB70A /* CollectionViewDataSource.swift */ = {isa = PBXFileReference; fileEncoding = 4; lastKnownFileType = sourcecode.swift; path = CollectionViewDataSource.swift; sourceTree = "<group>"; };
		BB9E70C8268DF86C00BCB70A /* UIApplicationExtension.swift */ = {isa = PBXFileReference; lastKnownFileType = sourcecode.swift; path = UIApplicationExtension.swift; sourceTree = "<group>"; };
		BBCB373F268DFD7B00AB351F /* Channel.swift */ = {isa = PBXFileReference; fileEncoding = 4; lastKnownFileType = sourcecode.swift; path = Channel.swift; sourceTree = "<group>"; };
		BBCB3740268DFD7B00AB351F /* Episode.swift */ = {isa = PBXFileReference; fileEncoding = 4; lastKnownFileType = sourcecode.swift; path = Episode.swift; sourceTree = "<group>"; };
		BBCB3741268DFD7B00AB351F /* Category.swift */ = {isa = PBXFileReference; fileEncoding = 4; lastKnownFileType = sourcecode.swift; path = Category.swift; sourceTree = "<group>"; };
		BBCB375A268E085D00AB351F /* HomeViewController.swift */ = {isa = PBXFileReference; lastKnownFileType = sourcecode.swift; path = HomeViewController.swift; sourceTree = "<group>"; };
		BBCB3762268E08A400AB351F /* HomeVCExtensions.swift */ = {isa = PBXFileReference; lastKnownFileType = sourcecode.swift; path = HomeVCExtensions.swift; sourceTree = "<group>"; };
		BBCB3768268E08DD00AB351F /* HomeInteractor.swift */ = {isa = PBXFileReference; lastKnownFileType = sourcecode.swift; path = HomeInteractor.swift; sourceTree = "<group>"; };
		BBCB376D268E08EF00AB351F /* HomePresenter.swift */ = {isa = PBXFileReference; lastKnownFileType = sourcecode.swift; path = HomePresenter.swift; sourceTree = "<group>"; };
		BBCB3772268E08FE00AB351F /* HomeBuilder.swift */ = {isa = PBXFileReference; lastKnownFileType = sourcecode.swift; path = HomeBuilder.swift; sourceTree = "<group>"; };
		BBCB3777268E091100AB351F /* HomeRouter.swift */ = {isa = PBXFileReference; lastKnownFileType = sourcecode.swift; path = HomeRouter.swift; sourceTree = "<group>"; };
		BBCB3782268E09EF00AB351F /* EpisodeCollectionViewCell.xib */ = {isa = PBXFileReference; fileEncoding = 4; lastKnownFileType = file.xib; path = EpisodeCollectionViewCell.xib; sourceTree = "<group>"; };
		BBCB3783268E09EF00AB351F /* EpisodeCollectionViewCell.swift */ = {isa = PBXFileReference; fileEncoding = 4; lastKnownFileType = sourcecode.swift; path = EpisodeCollectionViewCell.swift; sourceTree = "<group>"; };
		BBCB378C268E0A2600AB351F /* ChannelCollectionViewCell.swift */ = {isa = PBXFileReference; fileEncoding = 4; lastKnownFileType = sourcecode.swift; path = ChannelCollectionViewCell.swift; sourceTree = "<group>"; };
		BBCB378D268E0A2600AB351F /* ChannelCollectionViewCell.xib */ = {isa = PBXFileReference; fileEncoding = 4; lastKnownFileType = file.xib; path = ChannelCollectionViewCell.xib; sourceTree = "<group>"; };
		BBCB3796268E0ABA00AB351F /* CategoryCollectionViewCell.swift */ = {isa = PBXFileReference; fileEncoding = 4; lastKnownFileType = sourcecode.swift; path = CategoryCollectionViewCell.swift; sourceTree = "<group>"; };
		BBCB3797268E0ABA00AB351F /* CategoryCollectionViewCell.xib */ = {isa = PBXFileReference; fileEncoding = 4; lastKnownFileType = file.xib; path = CategoryCollectionViewCell.xib; sourceTree = "<group>"; };
		BBCB37A1268E0E1D00AB351F /* ChannelSectionHeader.swift */ = {isa = PBXFileReference; fileEncoding = 4; lastKnownFileType = sourcecode.swift; path = ChannelSectionHeader.swift; sourceTree = "<group>"; };
		BBCB37A2268E0E1D00AB351F /* ChannelSectionHeader.xib */ = {isa = PBXFileReference; fileEncoding = 4; lastKnownFileType = file.xib; path = ChannelSectionHeader.xib; sourceTree = "<group>"; };
		BBCB37A8268E1D2A00AB351F /* HomeEnums.swift */ = {isa = PBXFileReference; lastKnownFileType = sourcecode.swift; path = HomeEnums.swift; sourceTree = "<group>"; };
		C9DF0A81766709402591C4A3 /* Pods_MediaDemo_MediaDemoUITests.framework */ = {isa = PBXFileReference; explicitFileType = wrapper.framework; includeInIndex = 0; path = Pods_MediaDemo_MediaDemoUITests.framework; sourceTree = BUILT_PRODUCTS_DIR; };
		EA6CB23923FD476A9FBFE449 /* Pods-MediaDemoTests.debug.xcconfig */ = {isa = PBXFileReference; includeInIndex = 1; lastKnownFileType = text.xcconfig; name = "Pods-MediaDemoTests.debug.xcconfig"; path = "Target Support Files/Pods-MediaDemoTests/Pods-MediaDemoTests.debug.xcconfig"; sourceTree = "<group>"; };
		EF5BBEC4645A2A0639373F57 /* Pods-MediaDemo.debug.xcconfig */ = {isa = PBXFileReference; includeInIndex = 1; lastKnownFileType = text.xcconfig; name = "Pods-MediaDemo.debug.xcconfig"; path = "Target Support Files/Pods-MediaDemo/Pods-MediaDemo.debug.xcconfig"; sourceTree = "<group>"; };
		FB5AB2E5234851E4E0576AA4 /* Pods_MediaDemo.framework */ = {isa = PBXFileReference; explicitFileType = wrapper.framework; includeInIndex = 0; path = Pods_MediaDemo.framework; sourceTree = BUILT_PRODUCTS_DIR; };
/* End PBXFileReference section */

/* Begin PBXFrameworksBuildPhase section */
		BB9BD61A268DD35B00A529FA /* Frameworks */ = {
			isa = PBXFrameworksBuildPhase;
			buildActionMask = 2147483647;
			files = (
				B47754989EAF08EC340EC4E4 /* Pods_MediaDemo.framework in Frameworks */,
			);
			runOnlyForDeploymentPostprocessing = 0;
		};
		BB9BD630268DD36200A529FA /* Frameworks */ = {
			isa = PBXFrameworksBuildPhase;
			buildActionMask = 2147483647;
			files = (
				1AAAE1D46CE4FBF209825E08 /* Pods_MediaDemoTests.framework in Frameworks */,
			);
			runOnlyForDeploymentPostprocessing = 0;
		};
		BB9BD63B268DD36200A529FA /* Frameworks */ = {
			isa = PBXFrameworksBuildPhase;
			buildActionMask = 2147483647;
			files = (
				E50F22D0CE49B05FEC7107D3 /* Pods_MediaDemo_MediaDemoUITests.framework in Frameworks */,
			);
			runOnlyForDeploymentPostprocessing = 0;
		};
/* End PBXFrameworksBuildPhase section */

/* Begin PBXGroup section */
		1BA9180D816E4CABD770D413 /* Frameworks */ = {
			isa = PBXGroup;
			children = (
				FB5AB2E5234851E4E0576AA4 /* Pods_MediaDemo.framework */,
				C9DF0A81766709402591C4A3 /* Pods_MediaDemo_MediaDemoUITests.framework */,
				B1677E82F66D3630109F8136 /* Pods_MediaDemoTests.framework */,
			);
			name = Frameworks;
			sourceTree = "<group>";
		};
		AE937CD71EF33BAE38F591B6 /* Pods */ = {
			isa = PBXGroup;
			children = (
				EF5BBEC4645A2A0639373F57 /* Pods-MediaDemo.debug.xcconfig */,
				13D9CF747567444921553EBD /* Pods-MediaDemo.release.xcconfig */,
				238BA71DC191875B3D9FDBF8 /* Pods-MediaDemo-MediaDemoUITests.debug.xcconfig */,
				1D71C40860DD8940B627341E /* Pods-MediaDemo-MediaDemoUITests.release.xcconfig */,
				EA6CB23923FD476A9FBFE449 /* Pods-MediaDemoTests.debug.xcconfig */,
				3AEC6CAE943D5F1C2BA59DB2 /* Pods-MediaDemoTests.release.xcconfig */,
			);
			path = Pods;
			sourceTree = "<group>";
		};
		BB726ED1268E8EC100D42F96 /* AppMangers */ = {
			isa = PBXGroup;
			children = (
			);
			path = AppMangers;
			sourceTree = "<group>";
		};
		BB9BD614268DD35B00A529FA = {
			isa = PBXGroup;
			children = (
				BB9BD61F268DD35B00A529FA /* MediaDemo */,
				BB9BD636268DD36200A529FA /* MediaDemoTests */,
				BB9BD641268DD36200A529FA /* MediaDemoUITests */,
				BB9BD61E268DD35B00A529FA /* Products */,
				AE937CD71EF33BAE38F591B6 /* Pods */,
				1BA9180D816E4CABD770D413 /* Frameworks */,
			);
			sourceTree = "<group>";
		};
		BB9BD61E268DD35B00A529FA /* Products */ = {
			isa = PBXGroup;
			children = (
				BB9BD61D268DD35B00A529FA /* MediaDemo.app */,
				BB9BD633268DD36200A529FA /* MediaDemoTests.xctest */,
				BB9BD63E268DD36200A529FA /* MediaDemoUITests.xctest */,
			);
			name = Products;
			sourceTree = "<group>";
		};
		BB9BD61F268DD35B00A529FA /* MediaDemo */ = {
			isa = PBXGroup;
			children = (
				BB9BD68A268DD79D00A529FA /* NetworkLayer */,
				BB9BD688268DD77F00A529FA /* Modules */,
				BB9BD664268DD59000A529FA /* Utilities */,
				BB9BD663268DD51300A529FA /* General */,
				BB9BD662268DD50400A529FA /* Resources */,
			);
			path = MediaDemo;
			sourceTree = "<group>";
		};
		BB9BD636268DD36200A529FA /* MediaDemoTests */ = {
			isa = PBXGroup;
			children = (
				BB9BD637268DD36200A529FA /* MediaDemoTests.swift */,
				BB9BD639268DD36200A529FA /* Info.plist */,
			);
			path = MediaDemoTests;
			sourceTree = "<group>";
		};
		BB9BD641268DD36200A529FA /* MediaDemoUITests */ = {
			isa = PBXGroup;
			children = (
				BB9BD642268DD36200A529FA /* MediaDemoUITests.swift */,
				BB9BD644268DD36200A529FA /* Info.plist */,
			);
			path = MediaDemoUITests;
			sourceTree = "<group>";
		};
		BB9BD662268DD50400A529FA /* Resources */ = {
			isa = PBXGroup;
			children = (
				BB9BD629268DD36100A529FA /* Assets.xcassets */,
			);
			path = Resources;
			sourceTree = "<group>";
		};
		BB9BD663268DD51300A529FA /* General */ = {
			isa = PBXGroup;
			children = (
				BB9BD620268DD35B00A529FA /* AppDelegate.swift */,
				BB9BD62E268DD36100A529FA /* Info.plist */,
				BB9BD62B268DD36100A529FA /* LaunchScreen.storyboard */,
			);
			path = General;
			sourceTree = "<group>";
		};
		BB9BD664268DD59000A529FA /* Utilities */ = {
			isa = PBXGroup;
			children = (
				BB726ED1268E8EC100D42F96 /* AppMangers */,
				BB9E70BD268DF1AD00BCB70A /* GenericComponents */,
				BB9BD66E268DD64800A529FA /* View */,
				BB9BD67D268DD68300A529FA /* Extensions */,
			);
			path = Utilities;
			sourceTree = "<group>";
		};
		BB9BD66E268DD64800A529FA /* View */ = {
			isa = PBXGroup;
			children = (
				BB9BD672268DD67100A529FA /* ActivityIndicator.swift */,
				BB9BD674268DD67100A529FA /* DesignableButton.swift */,
				BB9BD675268DD67100A529FA /* DesignableImageView.swift */,
				BB9BD673268DD67100A529FA /* DesignableView.swift */,
			);
			path = View;
			sourceTree = "<group>";
		};
		BB9BD67D268DD68300A529FA /* Extensions */ = {
			isa = PBXGroup;
			children = (
				BB726EC9268E855200D42F96 /* StringExtension.swift */,
				BB9BD693268DDBF200A529FA /* XIBExtension.swift */,
				BB9BD67E268DD74400A529FA /* UI */,
			);
			path = Extensions;
			sourceTree = "<group>";
		};
		BB9BD67E268DD74400A529FA /* UI */ = {
			isa = PBXGroup;
			children = (
				BB9BD681268DD75B00A529FA /* UIColorExtension.swift */,
				BB9BD67F268DD75B00A529FA /* UIImageViewExtension.swift */,
				BB9BD680268DD75B00A529FA /* UIViewExtension.swift */,
				BB9BD68B268DDADC00A529FA /* UIViewControllerExtension.swift */,
				BB9BD698268DDE7700A529FA /* UICollectionViewExtension.swift */,
				BB9E70C8268DF86C00BCB70A /* UIApplicationExtension.swift */,
			);
			path = UI;
			sourceTree = "<group>";
		};
		BB9BD688268DD77F00A529FA /* Modules */ = {
			isa = PBXGroup;
			children = (
				BB9BD689268DD78600A529FA /* Home */,
			);
			path = Modules;
			sourceTree = "<group>";
		};
		BB9BD689268DD78600A529FA /* Home */ = {
			isa = PBXGroup;
			children = (
				BBCB3756268E079800AB351F /* StoryBoard */,
				BBCB377E268E095200AB351F /* View */,
				BBCB3767268E08BF00AB351F /* Components */,
				BBCB3757268E07F800AB351F /* ViewController */,
				BBCB373E268DFD3300AB351F /* Model */,
				BBCB377C268E091A00AB351F /* Worker */,
			);
			path = Home;
			sourceTree = "<group>";
		};
		BB9BD68A268DD79D00A529FA /* NetworkLayer */ = {
			isa = PBXGroup;
			children = (
				BB9BD69F268DE2B500A529FA /* Core */,
				BB9BD69E268DE23500A529FA /* Media */,
			);
			path = NetworkLayer;
			sourceTree = "<group>";
		};
		BB9BD69E268DE23500A529FA /* Media */ = {
			isa = PBXGroup;
			children = (
				BB9BD6B1268DE47500A529FA /* MediaAPI.swift */,
				BB9BD6B6268DE48900A529FA /* MediaNetworkable.swift */,
				BB9BD6BB268DE49600A529FA /* MediaNetworkManger.swift */,
				BB9BD6C0268DE4A700A529FA /* MediaResponses.swift */,
			);
			path = Media;
			sourceTree = "<group>";
		};
		BB9BD69F268DE2B500A529FA /* Core */ = {
			isa = PBXGroup;
			children = (
				BB9BD6A1268DE30400A529FA /* MoyaAPIHelper.swift */,
				BB9BD6A7268DE3C700A529FA /* Base.swift */,
				BB9BD6AC268DE3E300A529FA /* Environment.swift */,
			);
			path = Core;
			sourceTree = "<group>";
		};
		BB9E70BD268DF1AD00BCB70A /* GenericComponents */ = {
			isa = PBXGroup;
			children = (
				BB9E70BF268DF1D400BCB70A /* CollectionViewDataSource.swift */,
				BB9E70BE268DF1D400BCB70A /* MultiSectionCollectionViewDataSource.swift */,
			);
			path = GenericComponents;
			sourceTree = "<group>";
		};
		BBCB373E268DFD3300AB351F /* Model */ = {
			isa = PBXGroup;
			children = (
				BBCB3741268DFD7B00AB351F /* Category.swift */,
				BBCB373F268DFD7B00AB351F /* Channel.swift */,
				BBCB3740268DFD7B00AB351F /* Episode.swift */,
				BBCB37A8268E1D2A00AB351F /* HomeEnums.swift */,
			);
			path = Model;
			sourceTree = "<group>";
		};
		BBCB3756268E079800AB351F /* StoryBoard */ = {
			isa = PBXGroup;
			children = (
				BB9BD626268DD35B00A529FA /* Home.storyboard */,
			);
			path = StoryBoard;
			sourceTree = "<group>";
		};
		BBCB3757268E07F800AB351F /* ViewController */ = {
			isa = PBXGroup;
			children = (
				BBCB375A268E085D00AB351F /* HomeViewController.swift */,
				BBCB3762268E08A400AB351F /* HomeVCExtensions.swift */,
			);
			path = ViewController;
			sourceTree = "<group>";
		};
		BBCB3767268E08BF00AB351F /* Components */ = {
			isa = PBXGroup;
			children = (
				BBCB3768268E08DD00AB351F /* HomeInteractor.swift */,
				BBCB376D268E08EF00AB351F /* HomePresenter.swift */,
				BBCB3772268E08FE00AB351F /* HomeBuilder.swift */,
				BBCB3777268E091100AB351F /* HomeRouter.swift */,
			);
			path = Components;
			sourceTree = "<group>";
		};
		BBCB377C268E091A00AB351F /* Worker */ = {
			isa = PBXGroup;
			children = (
			);
			path = Worker;
			sourceTree = "<group>";
		};
		BBCB377E268E095200AB351F /* View */ = {
			isa = PBXGroup;
			children = (
				BBCB379D268E0DCB00AB351F /* SectionHeader */,
				BBCB377F268E095E00AB351F /* EpisodeCell */,
				BBCB3780268E096800AB351F /* ChannelCell */,
				BBCB3781268E097100AB351F /* CategoryCell */,
			);
			path = View;
			sourceTree = "<group>";
		};
		BBCB377F268E095E00AB351F /* EpisodeCell */ = {
			isa = PBXGroup;
			children = (
				BBCB3783268E09EF00AB351F /* EpisodeCollectionViewCell.swift */,
				BBCB3782268E09EF00AB351F /* EpisodeCollectionViewCell.xib */,
			);
			path = EpisodeCell;
			sourceTree = "<group>";
		};
		BBCB3780268E096800AB351F /* ChannelCell */ = {
			isa = PBXGroup;
			children = (
				BBCB378C268E0A2600AB351F /* ChannelCollectionViewCell.swift */,
				BBCB378D268E0A2600AB351F /* ChannelCollectionViewCell.xib */,
			);
			path = ChannelCell;
			sourceTree = "<group>";
		};
		BBCB3781268E097100AB351F /* CategoryCell */ = {
			isa = PBXGroup;
			children = (
				BBCB3796268E0ABA00AB351F /* CategoryCollectionViewCell.swift */,
				BBCB3797268E0ABA00AB351F /* CategoryCollectionViewCell.xib */,
			);
			path = CategoryCell;
			sourceTree = "<group>";
		};
		BBCB379D268E0DCB00AB351F /* SectionHeader */ = {
			isa = PBXGroup;
			children = (
				BBCB37A1268E0E1D00AB351F /* ChannelSectionHeader.swift */,
				BBCB37A2268E0E1D00AB351F /* ChannelSectionHeader.xib */,
			);
			path = SectionHeader;
			sourceTree = "<group>";
		};
/* End PBXGroup section */

/* Begin PBXNativeTarget section */
		BB9BD61C268DD35B00A529FA /* MediaDemo */ = {
			isa = PBXNativeTarget;
			buildConfigurationList = BB9BD647268DD36200A529FA /* Build configuration list for PBXNativeTarget "MediaDemo" */;
			buildPhases = (
				E290F6F9D0A8E795ABDF4C13 /* [CP] Check Pods Manifest.lock */,
				BB9BD619268DD35B00A529FA /* Sources */,
				BB9BD61A268DD35B00A529FA /* Frameworks */,
				BB9BD61B268DD35B00A529FA /* Resources */,
				3DE0E564194DB89463954FCB /* [CP] Embed Pods Frameworks */,
			);
			buildRules = (
			);
			dependencies = (
			);
			name = MediaDemo;
			productName = MediaDemo;
			productReference = BB9BD61D268DD35B00A529FA /* MediaDemo.app */;
			productType = "com.apple.product-type.application";
		};
		BB9BD632268DD36200A529FA /* MediaDemoTests */ = {
			isa = PBXNativeTarget;
			buildConfigurationList = BB9BD64A268DD36200A529FA /* Build configuration list for PBXNativeTarget "MediaDemoTests" */;
			buildPhases = (
				E5432D8ABCFFBC02B5E8D571 /* [CP] Check Pods Manifest.lock */,
				BB9BD62F268DD36200A529FA /* Sources */,
				BB9BD630268DD36200A529FA /* Frameworks */,
				BB9BD631268DD36200A529FA /* Resources */,
			);
			buildRules = (
			);
			dependencies = (
				BB9BD635268DD36200A529FA /* PBXTargetDependency */,
			);
			name = MediaDemoTests;
			productName = MediaDemoTests;
			productReference = BB9BD633268DD36200A529FA /* MediaDemoTests.xctest */;
			productType = "com.apple.product-type.bundle.unit-test";
		};
		BB9BD63D268DD36200A529FA /* MediaDemoUITests */ = {
			isa = PBXNativeTarget;
			buildConfigurationList = BB9BD64D268DD36200A529FA /* Build configuration list for PBXNativeTarget "MediaDemoUITests" */;
			buildPhases = (
				15A6D686AC9D2ED2467C1D5E /* [CP] Check Pods Manifest.lock */,
				BB9BD63A268DD36200A529FA /* Sources */,
				BB9BD63B268DD36200A529FA /* Frameworks */,
				BB9BD63C268DD36200A529FA /* Resources */,
				6ED98138014D1EB7614BFF90 /* [CP] Embed Pods Frameworks */,
			);
			buildRules = (
			);
			dependencies = (
				BB9BD640268DD36200A529FA /* PBXTargetDependency */,
			);
			name = MediaDemoUITests;
			productName = MediaDemoUITests;
			productReference = BB9BD63E268DD36200A529FA /* MediaDemoUITests.xctest */;
			productType = "com.apple.product-type.bundle.ui-testing";
		};
/* End PBXNativeTarget section */

/* Begin PBXProject section */
		BB9BD615268DD35B00A529FA /* Project object */ = {
			isa = PBXProject;
			attributes = {
				LastSwiftUpdateCheck = 1240;
				LastUpgradeCheck = 1240;
				TargetAttributes = {
					BB9BD61C268DD35B00A529FA = {
						CreatedOnToolsVersion = 12.4;
					};
					BB9BD632268DD36200A529FA = {
						CreatedOnToolsVersion = 12.4;
						TestTargetID = BB9BD61C268DD35B00A529FA;
					};
					BB9BD63D268DD36200A529FA = {
						CreatedOnToolsVersion = 12.4;
						TestTargetID = BB9BD61C268DD35B00A529FA;
					};
				};
			};
			buildConfigurationList = BB9BD618268DD35B00A529FA /* Build configuration list for PBXProject "MediaDemo" */;
			compatibilityVersion = "Xcode 9.3";
			developmentRegion = en;
			hasScannedForEncodings = 0;
			knownRegions = (
				en,
				Base,
			);
			mainGroup = BB9BD614268DD35B00A529FA;
			productRefGroup = BB9BD61E268DD35B00A529FA /* Products */;
			projectDirPath = "";
			projectRoot = "";
			targets = (
				BB9BD61C268DD35B00A529FA /* MediaDemo */,
				BB9BD632268DD36200A529FA /* MediaDemoTests */,
				BB9BD63D268DD36200A529FA /* MediaDemoUITests */,
			);
		};
/* End PBXProject section */

/* Begin PBXResourcesBuildPhase section */
		BB9BD61B268DD35B00A529FA /* Resources */ = {
			isa = PBXResourcesBuildPhase;
			buildActionMask = 2147483647;
			files = (
				BBCB3799268E0ABA00AB351F /* CategoryCollectionViewCell.xib in Resources */,
				BBCB37A4268E0E1D00AB351F /* ChannelSectionHeader.xib in Resources */,
				BB9BD62D268DD36100A529FA /* LaunchScreen.storyboard in Resources */,
				BBCB378F268E0A2600AB351F /* ChannelCollectionViewCell.xib in Resources */,
				BB9BD62A268DD36100A529FA /* Assets.xcassets in Resources */,
				BBCB3784268E09EF00AB351F /* EpisodeCollectionViewCell.xib in Resources */,
				BB9BD628268DD35B00A529FA /* Home.storyboard in Resources */,
			);
			runOnlyForDeploymentPostprocessing = 0;
		};
		BB9BD631268DD36200A529FA /* Resources */ = {
			isa = PBXResourcesBuildPhase;
			buildActionMask = 2147483647;
			files = (
			);
			runOnlyForDeploymentPostprocessing = 0;
		};
		BB9BD63C268DD36200A529FA /* Resources */ = {
			isa = PBXResourcesBuildPhase;
			buildActionMask = 2147483647;
			files = (
			);
			runOnlyForDeploymentPostprocessing = 0;
		};
/* End PBXResourcesBuildPhase section */

/* Begin PBXShellScriptBuildPhase section */
		15A6D686AC9D2ED2467C1D5E /* [CP] Check Pods Manifest.lock */ = {
			isa = PBXShellScriptBuildPhase;
			buildActionMask = 2147483647;
			files = (
			);
			inputFileListPaths = (
			);
			inputPaths = (
				"${PODS_PODFILE_DIR_PATH}/Podfile.lock",
				"${PODS_ROOT}/Manifest.lock",
			);
			name = "[CP] Check Pods Manifest.lock";
			outputFileListPaths = (
			);
			outputPaths = (
				"$(DERIVED_FILE_DIR)/Pods-MediaDemo-MediaDemoUITests-checkManifestLockResult.txt",
			);
			runOnlyForDeploymentPostprocessing = 0;
			shellPath = /bin/sh;
			shellScript = "diff \"${PODS_PODFILE_DIR_PATH}/Podfile.lock\" \"${PODS_ROOT}/Manifest.lock\" > /dev/null\nif [ $? != 0 ] ; then\n    # print error to STDERR\n    echo \"error: The sandbox is not in sync with the Podfile.lock. Run 'pod install' or update your CocoaPods installation.\" >&2\n    exit 1\nfi\n# This output is used by Xcode 'outputs' to avoid re-running this script phase.\necho \"SUCCESS\" > \"${SCRIPT_OUTPUT_FILE_0}\"\n";
			showEnvVarsInLog = 0;
		};
		3DE0E564194DB89463954FCB /* [CP] Embed Pods Frameworks */ = {
			isa = PBXShellScriptBuildPhase;
			buildActionMask = 2147483647;
			files = (
			);
			inputFileListPaths = (
				"${PODS_ROOT}/Target Support Files/Pods-MediaDemo/Pods-MediaDemo-frameworks-${CONFIGURATION}-input-files.xcfilelist",
			);
			name = "[CP] Embed Pods Frameworks";
			outputFileListPaths = (
				"${PODS_ROOT}/Target Support Files/Pods-MediaDemo/Pods-MediaDemo-frameworks-${CONFIGURATION}-output-files.xcfilelist",
			);
			runOnlyForDeploymentPostprocessing = 0;
			shellPath = /bin/sh;
			shellScript = "\"${PODS_ROOT}/Target Support Files/Pods-MediaDemo/Pods-MediaDemo-frameworks.sh\"\n";
			showEnvVarsInLog = 0;
		};
		6ED98138014D1EB7614BFF90 /* [CP] Embed Pods Frameworks */ = {
			isa = PBXShellScriptBuildPhase;
			buildActionMask = 2147483647;
			files = (
			);
			inputFileListPaths = (
				"${PODS_ROOT}/Target Support Files/Pods-MediaDemo-MediaDemoUITests/Pods-MediaDemo-MediaDemoUITests-frameworks-${CONFIGURATION}-input-files.xcfilelist",
			);
			name = "[CP] Embed Pods Frameworks";
			outputFileListPaths = (
				"${PODS_ROOT}/Target Support Files/Pods-MediaDemo-MediaDemoUITests/Pods-MediaDemo-MediaDemoUITests-frameworks-${CONFIGURATION}-output-files.xcfilelist",
			);
			runOnlyForDeploymentPostprocessing = 0;
			shellPath = /bin/sh;
			shellScript = "\"${PODS_ROOT}/Target Support Files/Pods-MediaDemo-MediaDemoUITests/Pods-MediaDemo-MediaDemoUITests-frameworks.sh\"\n";
			showEnvVarsInLog = 0;
		};
		E290F6F9D0A8E795ABDF4C13 /* [CP] Check Pods Manifest.lock */ = {
			isa = PBXShellScriptBuildPhase;
			buildActionMask = 2147483647;
			files = (
			);
			inputFileListPaths = (
			);
			inputPaths = (
				"${PODS_PODFILE_DIR_PATH}/Podfile.lock",
				"${PODS_ROOT}/Manifest.lock",
			);
			name = "[CP] Check Pods Manifest.lock";
			outputFileListPaths = (
			);
			outputPaths = (
				"$(DERIVED_FILE_DIR)/Pods-MediaDemo-checkManifestLockResult.txt",
			);
			runOnlyForDeploymentPostprocessing = 0;
			shellPath = /bin/sh;
			shellScript = "diff \"${PODS_PODFILE_DIR_PATH}/Podfile.lock\" \"${PODS_ROOT}/Manifest.lock\" > /dev/null\nif [ $? != 0 ] ; then\n    # print error to STDERR\n    echo \"error: The sandbox is not in sync with the Podfile.lock. Run 'pod install' or update your CocoaPods installation.\" >&2\n    exit 1\nfi\n# This output is used by Xcode 'outputs' to avoid re-running this script phase.\necho \"SUCCESS\" > \"${SCRIPT_OUTPUT_FILE_0}\"\n";
			showEnvVarsInLog = 0;
		};
		E5432D8ABCFFBC02B5E8D571 /* [CP] Check Pods Manifest.lock */ = {
			isa = PBXShellScriptBuildPhase;
			buildActionMask = 2147483647;
			files = (
			);
			inputFileListPaths = (
			);
			inputPaths = (
				"${PODS_PODFILE_DIR_PATH}/Podfile.lock",
				"${PODS_ROOT}/Manifest.lock",
			);
			name = "[CP] Check Pods Manifest.lock";
			outputFileListPaths = (
			);
			outputPaths = (
				"$(DERIVED_FILE_DIR)/Pods-MediaDemoTests-checkManifestLockResult.txt",
			);
			runOnlyForDeploymentPostprocessing = 0;
			shellPath = /bin/sh;
			shellScript = "diff \"${PODS_PODFILE_DIR_PATH}/Podfile.lock\" \"${PODS_ROOT}/Manifest.lock\" > /dev/null\nif [ $? != 0 ] ; then\n    # print error to STDERR\n    echo \"error: The sandbox is not in sync with the Podfile.lock. Run 'pod install' or update your CocoaPods installation.\" >&2\n    exit 1\nfi\n# This output is used by Xcode 'outputs' to avoid re-running this script phase.\necho \"SUCCESS\" > \"${SCRIPT_OUTPUT_FILE_0}\"\n";
			showEnvVarsInLog = 0;
		};
/* End PBXShellScriptBuildPhase section */

/* Begin PBXSourcesBuildPhase section */
		BB9BD619268DD35B00A529FA /* Sources */ = {
			isa = PBXSourcesBuildPhase;
			buildActionMask = 2147483647;
			files = (
				BBCB375B268E085E00AB351F /* HomeViewController.swift in Sources */,
				BB9BD6A3268DE30400A529FA /* MoyaAPIHelper.swift in Sources */,
				BB9BD699268DDE7700A529FA /* UICollectionViewExtension.swift in Sources */,
				BB9BD6B7268DE48900A529FA /* MediaNetworkable.swift in Sources */,
				BB9BD6B2268DE47500A529FA /* MediaAPI.swift in Sources */,
				BBCB3763268E08A400AB351F /* HomeVCExtensions.swift in Sources */,
				BBCB3769268E08DD00AB351F /* HomeInteractor.swift in Sources */,
				BBCB37A9268E1D2A00AB351F /* HomeEnums.swift in Sources */,
				BBCB3785268E09EF00AB351F /* EpisodeCollectionViewCell.swift in Sources */,
				BBCB376E268E08EF00AB351F /* HomePresenter.swift in Sources */,
				BB9BD6C1268DE4A700A529FA /* MediaResponses.swift in Sources */,
				BBCB37A3268E0E1D00AB351F /* ChannelSectionHeader.swift in Sources */,
				BBCB378E268E0A2600AB351F /* ChannelCollectionViewCell.swift in Sources */,
				BB9BD676268DD67100A529FA /* ActivityIndicator.swift in Sources */,
				BBCB3743268DFD7C00AB351F /* Episode.swift in Sources */,
				BB9E70C0268DF1D400BCB70A /* MultiSectionCollectionViewDataSource.swift in Sources */,
				BB9BD6AD268DE3E300A529FA /* Environment.swift in Sources */,
				BB9BD679268DD67100A529FA /* DesignableImageView.swift in Sources */,
				BB9BD68C268DDADC00A529FA /* UIViewControllerExtension.swift in Sources */,
				BB9BD682268DD75B00A529FA /* UIImageViewExtension.swift in Sources */,
				BB9BD684268DD75B00A529FA /* UIColorExtension.swift in Sources */,
				BBCB3798268E0ABA00AB351F /* CategoryCollectionViewCell.swift in Sources */,
				BB9E70C9268DF86C00BCB70A /* UIApplicationExtension.swift in Sources */,
				BBCB3742268DFD7C00AB351F /* Channel.swift in Sources */,
				BBCB3778268E091100AB351F /* HomeRouter.swift in Sources */,
				BB9E70C1268DF1D400BCB70A /* CollectionViewDataSource.swift in Sources */,
				BB9BD621268DD35B00A529FA /* AppDelegate.swift in Sources */,
				BB9BD683268DD75B00A529FA /* UIViewExtension.swift in Sources */,
				BB9BD6BC268DE49600A529FA /* MediaNetworkManger.swift in Sources */,
				BBCB3773268E08FE00AB351F /* HomeBuilder.swift in Sources */,
				BB9BD694268DDBF200A529FA /* XIBExtension.swift in Sources */,
				BB9BD677268DD67100A529FA /* DesignableView.swift in Sources */,
				BB726ECA268E855200D42F96 /* StringExtension.swift in Sources */,
				BB9BD6A8268DE3C700A529FA /* Base.swift in Sources */,
				BB9BD678268DD67100A529FA /* DesignableButton.swift in Sources */,
				BBCB3744268DFD7C00AB351F /* Category.swift in Sources */,
			);
			runOnlyForDeploymentPostprocessing = 0;
		};
		BB9BD62F268DD36200A529FA /* Sources */ = {
			isa = PBXSourcesBuildPhase;
			buildActionMask = 2147483647;
			files = (
				BB9BD638268DD36200A529FA /* MediaDemoTests.swift in Sources */,
			);
			runOnlyForDeploymentPostprocessing = 0;
		};
		BB9BD63A268DD36200A529FA /* Sources */ = {
			isa = PBXSourcesBuildPhase;
			buildActionMask = 2147483647;
			files = (
				BB9BD643268DD36200A529FA /* MediaDemoUITests.swift in Sources */,
			);
			runOnlyForDeploymentPostprocessing = 0;
		};
/* End PBXSourcesBuildPhase section */

/* Begin PBXTargetDependency section */
		BB9BD635268DD36200A529FA /* PBXTargetDependency */ = {
			isa = PBXTargetDependency;
			target = BB9BD61C268DD35B00A529FA /* MediaDemo */;
			targetProxy = BB9BD634268DD36200A529FA /* PBXContainerItemProxy */;
		};
		BB9BD640268DD36200A529FA /* PBXTargetDependency */ = {
			isa = PBXTargetDependency;
			target = BB9BD61C268DD35B00A529FA /* MediaDemo */;
			targetProxy = BB9BD63F268DD36200A529FA /* PBXContainerItemProxy */;
		};
/* End PBXTargetDependency section */

/* Begin PBXVariantGroup section */
		BB9BD626268DD35B00A529FA /* Home.storyboard */ = {
			isa = PBXVariantGroup;
			children = (
				BB9BD627268DD35B00A529FA /* Base */,
			);
			name = Home.storyboard;
			sourceTree = "<group>";
		};
		BB9BD62B268DD36100A529FA /* LaunchScreen.storyboard */ = {
			isa = PBXVariantGroup;
			children = (
				BB9BD62C268DD36100A529FA /* Base */,
			);
			name = LaunchScreen.storyboard;
			sourceTree = "<group>";
		};
/* End PBXVariantGroup section */

/* Begin XCBuildConfiguration section */
		BB9BD645268DD36200A529FA /* Debug */ = {
			isa = XCBuildConfiguration;
			buildSettings = {
				ALWAYS_SEARCH_USER_PATHS = NO;
				CLANG_ANALYZER_NONNULL = YES;
				CLANG_ANALYZER_NUMBER_OBJECT_CONVERSION = YES_AGGRESSIVE;
				CLANG_CXX_LANGUAGE_STANDARD = "gnu++14";
				CLANG_CXX_LIBRARY = "libc++";
				CLANG_ENABLE_MODULES = YES;
				CLANG_ENABLE_OBJC_ARC = YES;
				CLANG_ENABLE_OBJC_WEAK = YES;
				CLANG_WARN_BLOCK_CAPTURE_AUTORELEASING = YES;
				CLANG_WARN_BOOL_CONVERSION = YES;
				CLANG_WARN_COMMA = YES;
				CLANG_WARN_CONSTANT_CONVERSION = YES;
				CLANG_WARN_DEPRECATED_OBJC_IMPLEMENTATIONS = YES;
				CLANG_WARN_DIRECT_OBJC_ISA_USAGE = YES_ERROR;
				CLANG_WARN_DOCUMENTATION_COMMENTS = YES;
				CLANG_WARN_EMPTY_BODY = YES;
				CLANG_WARN_ENUM_CONVERSION = YES;
				CLANG_WARN_INFINITE_RECURSION = YES;
				CLANG_WARN_INT_CONVERSION = YES;
				CLANG_WARN_NON_LITERAL_NULL_CONVERSION = YES;
				CLANG_WARN_OBJC_IMPLICIT_RETAIN_SELF = YES;
				CLANG_WARN_OBJC_LITERAL_CONVERSION = YES;
				CLANG_WARN_OBJC_ROOT_CLASS = YES_ERROR;
				CLANG_WARN_QUOTED_INCLUDE_IN_FRAMEWORK_HEADER = YES;
				CLANG_WARN_RANGE_LOOP_ANALYSIS = YES;
				CLANG_WARN_STRICT_PROTOTYPES = YES;
				CLANG_WARN_SUSPICIOUS_MOVE = YES;
				CLANG_WARN_UNGUARDED_AVAILABILITY = YES_AGGRESSIVE;
				CLANG_WARN_UNREACHABLE_CODE = YES;
				CLANG_WARN__DUPLICATE_METHOD_MATCH = YES;
				COPY_PHASE_STRIP = NO;
				DEBUG_INFORMATION_FORMAT = dwarf;
				ENABLE_STRICT_OBJC_MSGSEND = YES;
				ENABLE_TESTABILITY = YES;
				GCC_C_LANGUAGE_STANDARD = gnu11;
				GCC_DYNAMIC_NO_PIC = NO;
				GCC_NO_COMMON_BLOCKS = YES;
				GCC_OPTIMIZATION_LEVEL = 0;
				GCC_PREPROCESSOR_DEFINITIONS = (
					"DEBUG=1",
					"$(inherited)",
				);
				GCC_WARN_64_TO_32_BIT_CONVERSION = YES;
				GCC_WARN_ABOUT_RETURN_TYPE = YES_ERROR;
				GCC_WARN_UNDECLARED_SELECTOR = YES;
				GCC_WARN_UNINITIALIZED_AUTOS = YES_AGGRESSIVE;
				GCC_WARN_UNUSED_FUNCTION = YES;
				GCC_WARN_UNUSED_VARIABLE = YES;
				IPHONEOS_DEPLOYMENT_TARGET = 12.1;
				MTL_ENABLE_DEBUG_INFO = INCLUDE_SOURCE;
				MTL_FAST_MATH = YES;
				ONLY_ACTIVE_ARCH = YES;
				SDKROOT = iphoneos;
				SWIFT_ACTIVE_COMPILATION_CONDITIONS = DEBUG;
				SWIFT_OPTIMIZATION_LEVEL = "-Onone";
			};
			name = Debug;
		};
		BB9BD646268DD36200A529FA /* Release */ = {
			isa = XCBuildConfiguration;
			buildSettings = {
				ALWAYS_SEARCH_USER_PATHS = NO;
				CLANG_ANALYZER_NONNULL = YES;
				CLANG_ANALYZER_NUMBER_OBJECT_CONVERSION = YES_AGGRESSIVE;
				CLANG_CXX_LANGUAGE_STANDARD = "gnu++14";
				CLANG_CXX_LIBRARY = "libc++";
				CLANG_ENABLE_MODULES = YES;
				CLANG_ENABLE_OBJC_ARC = YES;
				CLANG_ENABLE_OBJC_WEAK = YES;
				CLANG_WARN_BLOCK_CAPTURE_AUTORELEASING = YES;
				CLANG_WARN_BOOL_CONVERSION = YES;
				CLANG_WARN_COMMA = YES;
				CLANG_WARN_CONSTANT_CONVERSION = YES;
				CLANG_WARN_DEPRECATED_OBJC_IMPLEMENTATIONS = YES;
				CLANG_WARN_DIRECT_OBJC_ISA_USAGE = YES_ERROR;
				CLANG_WARN_DOCUMENTATION_COMMENTS = YES;
				CLANG_WARN_EMPTY_BODY = YES;
				CLANG_WARN_ENUM_CONVERSION = YES;
				CLANG_WARN_INFINITE_RECURSION = YES;
				CLANG_WARN_INT_CONVERSION = YES;
				CLANG_WARN_NON_LITERAL_NULL_CONVERSION = YES;
				CLANG_WARN_OBJC_IMPLICIT_RETAIN_SELF = YES;
				CLANG_WARN_OBJC_LITERAL_CONVERSION = YES;
				CLANG_WARN_OBJC_ROOT_CLASS = YES_ERROR;
				CLANG_WARN_QUOTED_INCLUDE_IN_FRAMEWORK_HEADER = YES;
				CLANG_WARN_RANGE_LOOP_ANALYSIS = YES;
				CLANG_WARN_STRICT_PROTOTYPES = YES;
				CLANG_WARN_SUSPICIOUS_MOVE = YES;
				CLANG_WARN_UNGUARDED_AVAILABILITY = YES_AGGRESSIVE;
				CLANG_WARN_UNREACHABLE_CODE = YES;
				CLANG_WARN__DUPLICATE_METHOD_MATCH = YES;
				COPY_PHASE_STRIP = NO;
				DEBUG_INFORMATION_FORMAT = "dwarf-with-dsym";
				ENABLE_NS_ASSERTIONS = NO;
				ENABLE_STRICT_OBJC_MSGSEND = YES;
				GCC_C_LANGUAGE_STANDARD = gnu11;
				GCC_NO_COMMON_BLOCKS = YES;
				GCC_WARN_64_TO_32_BIT_CONVERSION = YES;
				GCC_WARN_ABOUT_RETURN_TYPE = YES_ERROR;
				GCC_WARN_UNDECLARED_SELECTOR = YES;
				GCC_WARN_UNINITIALIZED_AUTOS = YES_AGGRESSIVE;
				GCC_WARN_UNUSED_FUNCTION = YES;
				GCC_WARN_UNUSED_VARIABLE = YES;
				IPHONEOS_DEPLOYMENT_TARGET = 12.1;
				MTL_ENABLE_DEBUG_INFO = NO;
				MTL_FAST_MATH = YES;
				SDKROOT = iphoneos;
				SWIFT_COMPILATION_MODE = wholemodule;
				SWIFT_OPTIMIZATION_LEVEL = "-O";
				VALIDATE_PRODUCT = YES;
			};
			name = Release;
		};
		BB9BD648268DD36200A529FA /* Debug */ = {
			isa = XCBuildConfiguration;
			baseConfigurationReference = EF5BBEC4645A2A0639373F57 /* Pods-MediaDemo.debug.xcconfig */;
			buildSettings = {
				ASSETCATALOG_COMPILER_APPICON_NAME = AppIcon;
				ASSETCATALOG_COMPILER_GLOBAL_ACCENT_COLOR_NAME = AccentColor;
				CODE_SIGN_STYLE = Automatic;
				DEVELOPMENT_TEAM = 2SBZN5MS44;
				INFOPLIST_FILE = "$(SRCROOT)/MediaDemo/General/Info.plist";
				IPHONEOS_DEPLOYMENT_TARGET = 12.1;
				LD_RUNPATH_SEARCH_PATHS = (
					"$(inherited)",
					"@executable_path/Frameworks",
				);
				PRODUCT_BUNDLE_IDENTIFIER = com.AliTarek.MediaDemo;
				PRODUCT_NAME = "$(TARGET_NAME)";
				SWIFT_VERSION = 5.0;
				TARGETED_DEVICE_FAMILY = "1,2";
			};
			name = Debug;
		};
		BB9BD649268DD36200A529FA /* Release */ = {
			isa = XCBuildConfiguration;
			baseConfigurationReference = 13D9CF747567444921553EBD /* Pods-MediaDemo.release.xcconfig */;
			buildSettings = {
				ASSETCATALOG_COMPILER_APPICON_NAME = AppIcon;
				ASSETCATALOG_COMPILER_GLOBAL_ACCENT_COLOR_NAME = AccentColor;
				CODE_SIGN_STYLE = Automatic;
				DEVELOPMENT_TEAM = 2SBZN5MS44;
				INFOPLIST_FILE = "$(SRCROOT)/MediaDemo/General/Info.plist";
				IPHONEOS_DEPLOYMENT_TARGET = 12.1;
				LD_RUNPATH_SEARCH_PATHS = (
					"$(inherited)",
					"@executable_path/Frameworks",
				);
				PRODUCT_BUNDLE_IDENTIFIER = com.AliTarek.MediaDemo;
				PRODUCT_NAME = "$(TARGET_NAME)";
				SWIFT_VERSION = 5.0;
				TARGETED_DEVICE_FAMILY = "1,2";
			};
			name = Release;
		};
		BB9BD64B268DD36200A529FA /* Debug */ = {
			isa = XCBuildConfiguration;
			baseConfigurationReference = EA6CB23923FD476A9FBFE449 /* Pods-MediaDemoTests.debug.xcconfig */;
			buildSettings = {
				ALWAYS_EMBED_SWIFT_STANDARD_LIBRARIES = YES;
				BUNDLE_LOADER = "$(TEST_HOST)";
				CODE_SIGN_STYLE = Automatic;
				DEVELOPMENT_TEAM = 2SBZN5MS44;
				INFOPLIST_FILE = MediaDemoTests/Info.plist;
				IPHONEOS_DEPLOYMENT_TARGET = 12.1;
				LD_RUNPATH_SEARCH_PATHS = (
					"$(inherited)",
					"@executable_path/Frameworks",
					"@loader_path/Frameworks",
				);
				PRODUCT_BUNDLE_IDENTIFIER = com.AliTarek.MediaDemoTests;
				PRODUCT_NAME = "$(TARGET_NAME)";
				SWIFT_VERSION = 5.0;
				TARGETED_DEVICE_FAMILY = "1,2";
				TEST_HOST = "$(BUILT_PRODUCTS_DIR)/MediaDemo.app/MediaDemo";
			};
			name = Debug;
		};
		BB9BD64C268DD36200A529FA /* Release */ = {
			isa = XCBuildConfiguration;
			baseConfigurationReference = 3AEC6CAE943D5F1C2BA59DB2 /* Pods-MediaDemoTests.release.xcconfig */;
			buildSettings = {
				ALWAYS_EMBED_SWIFT_STANDARD_LIBRARIES = YES;
				BUNDLE_LOADER = "$(TEST_HOST)";
				CODE_SIGN_STYLE = Automatic;
				DEVELOPMENT_TEAM = 2SBZN5MS44;
				INFOPLIST_FILE = MediaDemoTests/Info.plist;
				IPHONEOS_DEPLOYMENT_TARGET = 12.1;
				LD_RUNPATH_SEARCH_PATHS = (
					"$(inherited)",
					"@executable_path/Frameworks",
					"@loader_path/Frameworks",
				);
				PRODUCT_BUNDLE_IDENTIFIER = com.AliTarek.MediaDemoTests;
				PRODUCT_NAME = "$(TARGET_NAME)";
				SWIFT_VERSION = 5.0;
				TARGETED_DEVICE_FAMILY = "1,2";
				TEST_HOST = "$(BUILT_PRODUCTS_DIR)/MediaDemo.app/MediaDemo";
			};
			name = Release;
		};
		BB9BD64E268DD36200A529FA /* Debug */ = {
			isa = XCBuildConfiguration;
			baseConfigurationReference = 238BA71DC191875B3D9FDBF8 /* Pods-MediaDemo-MediaDemoUITests.debug.xcconfig */;
			buildSettings = {
				ALWAYS_EMBED_SWIFT_STANDARD_LIBRARIES = YES;
				CODE_SIGN_STYLE = Automatic;
				DEVELOPMENT_TEAM = 2SBZN5MS44;
				INFOPLIST_FILE = MediaDemoUITests/Info.plist;
				LD_RUNPATH_SEARCH_PATHS = (
					"$(inherited)",
					"@executable_path/Frameworks",
					"@loader_path/Frameworks",
				);
				PRODUCT_BUNDLE_IDENTIFIER = com.AliTarek.MediaDemoUITests;
				PRODUCT_NAME = "$(TARGET_NAME)";
				SWIFT_VERSION = 5.0;
				TARGETED_DEVICE_FAMILY = "1,2";
				TEST_TARGET_NAME = MediaDemo;
			};
			name = Debug;
		};
		BB9BD64F268DD36200A529FA /* Release */ = {
			isa = XCBuildConfiguration;
			baseConfigurationReference = 1D71C40860DD8940B627341E /* Pods-MediaDemo-MediaDemoUITests.release.xcconfig */;
			buildSettings = {
				ALWAYS_EMBED_SWIFT_STANDARD_LIBRARIES = YES;
				CODE_SIGN_STYLE = Automatic;
				DEVELOPMENT_TEAM = 2SBZN5MS44;
				INFOPLIST_FILE = MediaDemoUITests/Info.plist;
				LD_RUNPATH_SEARCH_PATHS = (
					"$(inherited)",
					"@executable_path/Frameworks",
					"@loader_path/Frameworks",
				);
				PRODUCT_BUNDLE_IDENTIFIER = com.AliTarek.MediaDemoUITests;
				PRODUCT_NAME = "$(TARGET_NAME)";
				SWIFT_VERSION = 5.0;
				TARGETED_DEVICE_FAMILY = "1,2";
				TEST_TARGET_NAME = MediaDemo;
			};
			name = Release;
		};
/* End XCBuildConfiguration section */

/* Begin XCConfigurationList section */
		BB9BD618268DD35B00A529FA /* Build configuration list for PBXProject "MediaDemo" */ = {
			isa = XCConfigurationList;
			buildConfigurations = (
				BB9BD645268DD36200A529FA /* Debug */,
				BB9BD646268DD36200A529FA /* Release */,
			);
			defaultConfigurationIsVisible = 0;
			defaultConfigurationName = Release;
		};
		BB9BD647268DD36200A529FA /* Build configuration list for PBXNativeTarget "MediaDemo" */ = {
			isa = XCConfigurationList;
			buildConfigurations = (
				BB9BD648268DD36200A529FA /* Debug */,
				BB9BD649268DD36200A529FA /* Release */,
			);
			defaultConfigurationIsVisible = 0;
			defaultConfigurationName = Release;
		};
		BB9BD64A268DD36200A529FA /* Build configuration list for PBXNativeTarget "MediaDemoTests" */ = {
			isa = XCConfigurationList;
			buildConfigurations = (
				BB9BD64B268DD36200A529FA /* Debug */,
				BB9BD64C268DD36200A529FA /* Release */,
			);
			defaultConfigurationIsVisible = 0;
			defaultConfigurationName = Release;
		};
		BB9BD64D268DD36200A529FA /* Build configuration list for PBXNativeTarget "MediaDemoUITests" */ = {
			isa = XCConfigurationList;
			buildConfigurations = (
				BB9BD64E268DD36200A529FA /* Debug */,
				BB9BD64F268DD36200A529FA /* Release */,
			);
			defaultConfigurationIsVisible = 0;
			defaultConfigurationName = Release;
		};
/* End XCConfigurationList section */
	};
	rootObject = BB9BD615268DD35B00A529FA /* Project object */;
}
